
Microsoft Visual Studio Solution File, Format Version 12.00
# Visual Studio Version 17
VisualStudioVersion = 17.1.32210.238
MinimumVisualStudioVersion = 10.0.40219.1
Project("{9A19103F-16F7-4668-BE54-9A1E7A4F7556}") = "BlueBirdCoffeeAPI", "BlueBirdCoffeeAPI\BlueBirdCoffeeAPI.csproj", "{E57E3763-08BB-481A-A1E2-CDEB53653B33}"
EndProject
Project("{9A19103F-16F7-4668-BE54-9A1E7A4F7556}") = "Data", "Data\Data.csproj", "{1288111A-2678-4B7F-8306-EED28CDCBB55}"
EndProject
Project("{9A19103F-16F7-4668-BE54-9A1E7A4F7556}") = "Service", "Service\Service.csproj", "{CD015BCF-4923-46E4-9573-E10BDF77A990}"
EndProject
Project("{9A19103F-16F7-4668-BE54-9A1E7A4F7556}") = "Hubs", "Hub\Hubs.csproj", "{19215406-C84A-42B7-AD4F-3C2F8F156E30}"
EndProject
Project("{2150E333-8FDC-42A3-9474-1A3956D46DE8}") = "Solution Items", "Solution Items", "{16B28751-5161-430B-9DF0-E4FA3635F44D}"
	ProjectSection(SolutionItems) = preProject
		.editorconfig = .editorconfig
	EndProjectSection
EndProject
Project("{FAE04EC0-301F-11D3-BF4B-00C04F79EFBC}") = "DataCenter", "DataCenter\DataCenter.csproj", "{7642CC0E-974E-4D92-B94F-E6EF4C430821}"
EndProject
Global
	GlobalSection(SolutionConfigurationPlatforms) = preSolution
		Debug|Any CPU = Debug|Any CPU
		Release|Any CPU = Release|Any CPU
	EndGlobalSection
	GlobalSection(ProjectConfigurationPlatforms) = postSolution
		{E57E3763-08BB-481A-A1E2-CDEB53653B33}.Debug|Any CPU.ActiveCfg = Debug|Any CPU
		{E57E3763-08BB-481A-A1E2-CDEB53653B33}.Debug|Any CPU.Build.0 = Debug|Any CPU
		{E57E3763-08BB-481A-A1E2-CDEB53653B33}.Release|Any CPU.ActiveCfg = Release|Any CPU
		{E57E3763-08BB-481A-A1E2-CDEB53653B33}.Release|Any CPU.Build.0 = Release|Any CPU
		{1288111A-2678-4B7F-8306-EED28CDCBB55}.Debug|Any CPU.ActiveCfg = Debug|Any CPU
		{1288111A-2678-4B7F-8306-EED28CDCBB55}.Debug|Any CPU.Build.0 = Debug|Any CPU
		{1288111A-2678-4B7F-8306-EED28CDCBB55}.Release|Any CPU.ActiveCfg = Release|Any CPU
		{1288111A-2678-4B7F-8306-EED28CDCBB55}.Release|Any CPU.Build.0 = Release|Any CPU
		{CD015BCF-4923-46E4-9573-E10BDF77A990}.Debug|Any CPU.ActiveCfg = Debug|Any CPU
		{CD015BCF-4923-46E4-9573-E10BDF77A990}.Debug|Any CPU.Build.0 = Debug|Any CPU
		{CD015BCF-4923-46E4-9573-E10BDF77A990}.Release|Any CPU.ActiveCfg = Release|Any CPU
		{CD015BCF-4923-46E4-9573-E10BDF77A990}.Release|Any CPU.Build.0 = Release|Any CPU
		{19215406-C84A-42B7-AD4F-3C2F8F156E30}.Debug|Any CPU.ActiveCfg = Debug|Any CPU
		{19215406-C84A-42B7-AD4F-3C2F8F156E30}.Debug|Any CPU.Build.0 = Debug|Any CPU
		{19215406-C84A-42B7-AD4F-3C2F8F156E30}.Release|Any CPU.ActiveCfg = Release|Any CPU
		{19215406-C84A-42B7-AD4F-3C2F8F156E30}.Release|Any CPU.Build.0 = Release|Any CPU
		{7642CC0E-974E-4D92-B94F-E6EF4C430821}.Debug|Any CPU.ActiveCfg = Debug|Any CPU
		{7642CC0E-974E-4D92-B94F-E6EF4C430821}.Debug|Any CPU.Build.0 = Debug|Any CPU
		{7642CC0E-974E-4D92-B94F-E6EF4C430821}.Release|Any CPU.ActiveCfg = Release|Any CPU
		{7642CC0E-974E-4D92-B94F-E6EF4C430821}.Release|Any CPU.Build.0 = Release|Any CPU
	EndGlobalSection
	GlobalSection(SolutionProperties) = preSolution
		HideSolutionNode = FALSE
	EndGlobalSection
	GlobalSection(ExtensibilityGlobals) = postSolution
		SolutionGuid = {85923412-17BC-4C20-B3DB-D824DA895484}
	EndGlobalSection
EndGlobal
